
Microsoft Visual Studio Solution File, Format Version 12.00
# Visual Studio Version 17
VisualStudioVersion = 17.7.34031.279
MinimumVisualStudioVersion = 10.0.40219.1
Project("{FAE04EC0-301F-11D3-BF4B-00C04F79EFBC}") = "projetofinalbloco2", "projetofinalbloco2.csproj", "{5E432B03-F987-4C70-9B01-91815113182B}"
EndProject
Global
	GlobalSection(SolutionConfigurationPlatforms) = preSolution
		Debug|Any CPU = Debug|Any CPU
		Release|Any CPU = Release|Any CPU
	EndGlobalSection
	GlobalSection(ProjectConfigurationPlatforms) = postSolution
		{5E432B03-F987-4C70-9B01-91815113182B}.Debug|Any CPU.ActiveCfg = Debug|Any CPU
		{5E432B03-F987-4C70-9B01-91815113182B}.Debug|Any CPU.Build.0 = Debug|Any CPU
		{5E432B03-F987-4C70-9B01-91815113182B}.Release|Any CPU.ActiveCfg = Release|Any CPU
		{5E432B03-F987-4C70-9B01-91815113182B}.Release|Any CPU.Build.0 = Release|Any CPU
	EndGlobalSection
	GlobalSection(SolutionProperties) = preSolution
		HideSolutionNode = FALSE
	EndGlobalSection
	GlobalSection(ExtensibilityGlobals) = postSolution
		SolutionGuid = {92A579C9-C9FC-4D15-A9FD-D2DA7A849C0B}
	EndGlobalSection
EndGlobal
